<<<<<<< HEAD
﻿
Microsoft Visual Studio Solution File, Format Version 12.00
# Visual Studio Version 17
VisualStudioVersion = 17.7.34024.191
MinimumVisualStudioVersion = 10.0.40219.1
Project("{8BC9CEB8-8B4A-11D0-8D11-00A0C91BC942}") = "Ded_777", "Ded_777.vcxproj", "{BAD33151-30EA-406E-B3D6-F418B4ED6426}"
EndProject
Global
	GlobalSection(SolutionConfigurationPlatforms) = preSolution
		Debug|x64 = Debug|x64
		Debug|x86 = Debug|x86
		Release|x64 = Release|x64
		Release|x86 = Release|x86
	EndGlobalSection
	GlobalSection(ProjectConfigurationPlatforms) = postSolution
		{BAD33151-30EA-406E-B3D6-F418B4ED6426}.Debug|x64.ActiveCfg = Debug|x64
		{BAD33151-30EA-406E-B3D6-F418B4ED6426}.Debug|x64.Build.0 = Debug|x64
		{BAD33151-30EA-406E-B3D6-F418B4ED6426}.Debug|x86.ActiveCfg = Debug|Win32
		{BAD33151-30EA-406E-B3D6-F418B4ED6426}.Debug|x86.Build.0 = Debug|Win32
		{BAD33151-30EA-406E-B3D6-F418B4ED6426}.Release|x64.ActiveCfg = Release|x64
		{BAD33151-30EA-406E-B3D6-F418B4ED6426}.Release|x64.Build.0 = Release|x64
		{BAD33151-30EA-406E-B3D6-F418B4ED6426}.Release|x86.ActiveCfg = Release|Win32
		{BAD33151-30EA-406E-B3D6-F418B4ED6426}.Release|x86.Build.0 = Release|Win32
	EndGlobalSection
	GlobalSection(SolutionProperties) = preSolution
		HideSolutionNode = FALSE
	EndGlobalSection
	GlobalSection(ExtensibilityGlobals) = postSolution
		SolutionGuid = {EEEDF1BD-3F60-4CAC-977A-9A9405D7ADEE}
	EndGlobalSection
EndGlobal
=======
﻿
Microsoft Visual Studio Solution File, Format Version 12.00
# Visual Studio Version 17
VisualStudioVersion = 17.7.34024.191
MinimumVisualStudioVersion = 10.0.40219.1
Project("{8BC9CEB8-8B4A-11D0-8D11-00A0C91BC942}") = "Ded_777", "Ded_777.vcxproj", "{BAD33151-30EA-406E-B3D6-F418B4ED6426}"
EndProject
Global
	GlobalSection(SolutionConfigurationPlatforms) = preSolution
		Debug|x64 = Debug|x64
		Debug|x86 = Debug|x86
		Release|x64 = Release|x64
		Release|x86 = Release|x86
	EndGlobalSection
	GlobalSection(ProjectConfigurationPlatforms) = postSolution
		{BAD33151-30EA-406E-B3D6-F418B4ED6426}.Debug|x64.ActiveCfg = Debug|x64
		{BAD33151-30EA-406E-B3D6-F418B4ED6426}.Debug|x64.Build.0 = Debug|x64
		{BAD33151-30EA-406E-B3D6-F418B4ED6426}.Debug|x86.ActiveCfg = Debug|Win32
		{BAD33151-30EA-406E-B3D6-F418B4ED6426}.Debug|x86.Build.0 = Debug|Win32
		{BAD33151-30EA-406E-B3D6-F418B4ED6426}.Release|x64.ActiveCfg = Release|x64
		{BAD33151-30EA-406E-B3D6-F418B4ED6426}.Release|x64.Build.0 = Release|x64
		{BAD33151-30EA-406E-B3D6-F418B4ED6426}.Release|x86.ActiveCfg = Release|Win32
		{BAD33151-30EA-406E-B3D6-F418B4ED6426}.Release|x86.Build.0 = Release|Win32
	EndGlobalSection
	GlobalSection(SolutionProperties) = preSolution
		HideSolutionNode = FALSE
	EndGlobalSection
	GlobalSection(ExtensibilityGlobals) = postSolution
		SolutionGuid = {EEEDF1BD-3F60-4CAC-977A-9A9405D7ADEE}
	EndGlobalSection
EndGlobal
>>>>>>> 6a1bf835ea3554afaa22b1acf46942cac87e08dd
